
Microsoft Visual Studio Solution File, Format Version 12.00
# Visual Studio Version 16
VisualStudioVersion = 16.0.28803.202
MinimumVisualStudioVersion = 10.0.40219.1
Project("{FAE04EC0-301F-11D3-BF4B-00C04F79EFBC}") = "BlockSpecificUsersOnTwitter", "BlockSpecificUsersOnTwitter.csproj", "{6EED7FD1-50BE-453C-8E14-51DC89355F2B}"
EndProject
Global
	GlobalSection(SolutionConfigurationPlatforms) = preSolution
		Debug|Any CPU = Debug|Any CPU
		Release|Any CPU = Release|Any CPU
	EndGlobalSection
	GlobalSection(ProjectConfigurationPlatforms) = postSolution
		{6EED7FD1-50BE-453C-8E14-51DC89355F2B}.Debug|Any CPU.ActiveCfg = Debug|Any CPU
		{6EED7FD1-50BE-453C-8E14-51DC89355F2B}.Debug|Any CPU.Build.0 = Debug|Any CPU
		{6EED7FD1-50BE-453C-8E14-51DC89355F2B}.Release|Any CPU.ActiveCfg = Release|Any CPU
		{6EED7FD1-50BE-453C-8E14-51DC89355F2B}.Release|Any CPU.Build.0 = Release|Any CPU
	EndGlobalSection
	GlobalSection(SolutionProperties) = preSolution
		HideSolutionNode = FALSE
	EndGlobalSection
	GlobalSection(ExtensibilityGlobals) = postSolution
		SolutionGuid = {9DF01780-9156-4518-9781-B49E65F29D6B}
	EndGlobalSection
EndGlobal
